{
  "originHash" : "c48e25b1ea44f3bcaaf41dda31d82c987aacaf0ece42b3ce624a6e015e494de5",
  "pins" : [
    {
      "identity" : "grdb.swift",
      "kind" : "remoteSourceControl",
      "location" : "https://github.com/groue/GRDB.swift.git",
      "state" : {
        "revision" : "18497b68fdbb3a09528d260a0a0e1e7e61c8c53d",
        "version" : "7.8.0"
      }
    },
    {
      "identity" : "sparkle",
      "kind" : "remoteSourceControl",
      "location" : "https://github.com/sparkle-project/Sparkle",
      "state" : {
        "revision" : "5581748cef2bae787496fe6d61139aebe0a451f6",
        "version" : "2.8.1"
      }
    },
    {
      "identity" : "xxhash-swift",
      "kind" : "remoteSourceControl",
      "location" : "https://github.com/daisuke-t-jp/xxHash-Swift.git",
      "state" : {
        "revision" : "e86a07ab4867f81481d430e1370a5ec97b6e3359",
        "version" : "1.1.1"
      }
    }
  ],
  "version" : 3
}
