// !$*UTF8*$!
{
	archiveVersion = 1;
	classes = {
	};
	objectVersion = 56;
	objects = {

/* Begin PBXBuildFile section */
		0255C6E88B3E7BB8C68C5E51 /* FileRepository.swift in Sources */ = {isa = PBXBuildFile; fileRef = 5D098590F15DFE3A1DFFE3C1 /* FileRepository.swift */; };
		15138C29AA451A279000A205 /* DiskSightApp.swift in Sources */ = {isa = PBXBuildFile; fileRef = 6826D15D1E8F1F0860879C1C /* DiskSightApp.swift */; };
		1643CB98A6BCD392836CF593 /* ScanSession.swift in Sources */ = {isa = PBXBuildFile; fileRef = CF54BC3C911EC85ADE7B78E3 /* ScanSession.swift */; };
		276AB21C5D3C91F1C5E772EE /* SyncCompletionGatingTests.swift in Sources */ = {isa = PBXBuildFile; fileRef = 780D1B5C81EB6ACB1D978A82 /* SyncCompletionGatingTests.swift */; };
		27CA3BACF1C5C44D30B0584F /* OverviewView.swift in Sources */ = {isa = PBXBuildFile; fileRef = E0D904D1876A051306CEAC7D /* OverviewView.swift */; };
		35D236AE9DF0F05795CAE6AE /* AppState.swift in Sources */ = {isa = PBXBuildFile; fileRef = B59DBD89D7705FAF3DE048FD /* AppState.swift */; };
		3C094ED6F060073A94C125C7 /* FileNode.swift in Sources */ = {isa = PBXBuildFile; fileRef = D8D7824EE61D5A6B5513850A /* FileNode.swift */; };
		50215A77515AC38D1B8A5B09 /* Cocoa.framework in Frameworks */ = {isa = PBXBuildFile; fileRef = F680AB1E2D7A96CBB20F1879 /* Cocoa.framework */; };
		603E27012EDB5120B9A2EA00 /* xxHash-Swift in Frameworks */ = {isa = PBXBuildFile; productRef = 3DA1B721167DDD7A6A3C800A /* xxHash-Swift */; };
		71DC754241F61D3E8BAEE027 /* DuplicateGroup.swift in Sources */ = {isa = PBXBuildFile; fileRef = FABB6D193766F9ECD9FC936C /* DuplicateGroup.swift */; };
		73760C0512674488025CFBFE /* Assets.xcassets in Resources */ = {isa = PBXBuildFile; fileRef = 508DE2BF78BF449381ED92ED /* Assets.xcassets */; };
		A100000000000000000000B2 /* FileCategory.swift in Sources */ = {isa = PBXBuildFile; fileRef = A100000000000000000000B1 /* FileCategory.swift */; };
		A100000000000000000000B4 /* CleanupRecommendation.swift in Sources */ = {isa = PBXBuildFile; fileRef = A100000000000000000000B3 /* CleanupRecommendation.swift */; };
		A100000000000000000000B6 /* FileClassifier.swift in Sources */ = {isa = PBXBuildFile; fileRef = A100000000000000000000B5 /* FileClassifier.swift */; };
		A100000000000000000000B8 /* OllamaClient.swift in Sources */ = {isa = PBXBuildFile; fileRef = A100000000000000000000B7 /* OllamaClient.swift */; };
		A100000000000000000000BA /* SmartCleanupService.swift in Sources */ = {isa = PBXBuildFile; fileRef = A100000000000000000000B9 /* SmartCleanupService.swift */; };
		A100000000000000000000BC /* SmartCleanupView.swift in Sources */ = {isa = PBXBuildFile; fileRef = A100000000000000000000BB /* SmartCleanupView.swift */; };
		A695256D70C4C474057653FB /* SizeFormatter.swift in Sources */ = {isa = PBXBuildFile; fileRef = 3C95FFB0451C4ACA2F0F4E2C /* SizeFormatter.swift */; };
		AA11BB22CC33DD44EE550002 /* TreemapLayout.swift in Sources */ = {isa = PBXBuildFile; fileRef = AA11BB22CC33DD44EE550001 /* TreemapLayout.swift */; };
		AA11BB22CC33DD44EE550004 /* TreemapView.swift in Sources */ = {isa = PBXBuildFile; fileRef = AA11BB22CC33DD44EE550003 /* TreemapView.swift */; };
		AA11BB22CC33DD44EE550006 /* VisualizationContainer.swift in Sources */ = {isa = PBXBuildFile; fileRef = AA11BB22CC33DD44EE550005 /* VisualizationContainer.swift */; };
		AA22BB33CC44DD55EE660002 /* CSVExporter.swift in Sources */ = {isa = PBXBuildFile; fileRef = AA22BB33CC44DD55EE660001 /* CSVExporter.swift */; };
		AB11CC22DD33EE44FF550002 /* FolderTreeNode.swift in Sources */ = {isa = PBXBuildFile; fileRef = AB11CC22DD33EE44FF550001 /* FolderTreeNode.swift */; };
		AB11CC22DD33EE44FF550004 /* FolderTreeSidebar.swift in Sources */ = {isa = PBXBuildFile; fileRef = AB11CC22DD33EE44FF550003 /* FolderTreeSidebar.swift */; };
		B1AC1B07C0987FC512F7D911 /* Database.swift in Sources */ = {isa = PBXBuildFile; fileRef = BBF0BFD482578DB63AC518B6 /* Database.swift */; };
		B20000000000000000000003 /* Sparkle in Frameworks */ = {isa = PBXBuildFile; productRef = B20000000000000000000002 /* Sparkle */; };
		B38E37CB108A4A82A23D4882 /* Extensions.swift in Sources */ = {isa = PBXBuildFile; fileRef = 0804F9DCB7907E12FCF63176 /* Extensions.swift */; };
		B703A08D6CE1473FE94CA376 /* SidebarView.swift in Sources */ = {isa = PBXBuildFile; fileRef = 5F2DCEF68C808A7DEA667C11 /* SidebarView.swift */; };
		BB22CC33DD44EE55FF660002 /* SunburstView.swift in Sources */ = {isa = PBXBuildFile; fileRef = BB22CC33DD44EE55FF660001 /* SunburstView.swift */; };
		BB22CC33DD44EE55FF660004 /* IcicleView.swift in Sources */ = {isa = PBXBuildFile; fileRef = BB22CC33DD44EE55FF660003 /* IcicleView.swift */; };
		C2000000000000000000A002 /* GrowthFinder.swift in Sources */ = {isa = PBXBuildFile; fileRef = C2000000000000000000A001 /* GrowthFinder.swift */; };
		C2000000000000000000A004 /* GrowthView.swift in Sources */ = {isa = PBXBuildFile; fileRef = C2000000000000000000A003 /* GrowthView.swift */; };
		CC33DD44EE55FF66AA770002 /* FileHasher.swift in Sources */ = {isa = PBXBuildFile; fileRef = CC33DD44EE55FF66AA770001 /* FileHasher.swift */; };
		CC33DD44EE55FF66AA770005 /* DuplicateFinder.swift in Sources */ = {isa = PBXBuildFile; fileRef = CC33DD44EE55FF66AA770004 /* DuplicateFinder.swift */; };
		CC33DD44EE55FF66AA770008 /* DuplicatesView.swift in Sources */ = {isa = PBXBuildFile; fileRef = CC33DD44EE55FF66AA770007 /* DuplicatesView.swift */; };
		DD44EE55FF66AA77BB880002 /* StaleFinder.swift in Sources */ = {isa = PBXBuildFile; fileRef = DD44EE55FF66AA77BB880001 /* StaleFinder.swift */; };
		DD44EE55FF66AA77BB880004 /* CacheDetector.swift in Sources */ = {isa = PBXBuildFile; fileRef = DD44EE55FF66AA77BB880003 /* CacheDetector.swift */; };
		DD44EE55FF66AA77BB880006 /* StaleFilesView.swift in Sources */ = {isa = PBXBuildFile; fileRef = DD44EE55FF66AA77BB880005 /* StaleFilesView.swift */; };
		DD44EE55FF66AA77BB880009 /* CacheView.swift in Sources */ = {isa = PBXBuildFile; fileRef = DD44EE55FF66AA77BB880008 /* CacheView.swift */; };
		E67803CF35CCDE4F1B53F138 /* GRDB in Frameworks */ = {isa = PBXBuildFile; productRef = 17C54FA1597D67FCF5828176 /* GRDB */; };
		EE55FF66AA77BB88CC990002 /* FSEventsMonitor.swift in Sources */ = {isa = PBXBuildFile; fileRef = EE55FF66AA77BB88CC990001 /* FSEventsMonitor.swift */; };
		FD5708A3272F94743712A778 /* FileScanner.swift in Sources */ = {isa = PBXBuildFile; fileRef = 13ECE9999ABCCBDBDE067E35 /* FileScanner.swift */; };
		FF66AA77BB88CC99DD000002 /* SearchView.swift in Sources */ = {isa = PBXBuildFile; fileRef = FF66AA77BB88CC99DD000001 /* SearchView.swift */; };
		FF66AA77BB88CC99DD000004 /* SettingsView.swift in Sources */ = {isa = PBXBuildFile; fileRef = FF66AA77BB88CC99DD000003 /* SettingsView.swift */; };
		FF66AA77BB88CC99DD000006 /* OnboardingView.swift in Sources */ = {isa = PBXBuildFile; fileRef = FF66AA77BB88CC99DD000005 /* OnboardingView.swift */; };
		FF66AA77BB88CC99DD000008 /* FileRowView.swift in Sources */ = {isa = PBXBuildFile; fileRef = FF66AA77BB88CC99DD000007 /* FileRowView.swift */; };
		A20000000000000000000021 /* SmartCleanupServiceLLMTests.swift in Sources */ = {isa = PBXBuildFile; fileRef = A20000000000000000000022 /* SmartCleanupServiceLLMTests.swift */; };
		A20000000000000000000029 /* CSVExporterTests.swift in Sources */ = {isa = PBXBuildFile; fileRef = A20000000000000000000028 /* CSVExporterTests.swift */; };
		A20000000000000000000025 /* GRDB in Frameworks */ = {isa = PBXBuildFile; productRef = 17C54FA1597D67FCF5828176 /* GRDB */; };
		A20000000000000000000026 /* xxHash-Swift in Frameworks */ = {isa = PBXBuildFile; productRef = 3DA1B721167DDD7A6A3C800A /* xxHash-Swift */; };
		A20000000000000000000027 /* Sparkle in Frameworks */ = {isa = PBXBuildFile; productRef = B20000000000000000000002 /* Sparkle */; };
/* End PBXBuildFile section */

/* Begin PBXContainerItemProxy section */
		69E5C2991688D12B28E38593 /* PBXContainerItemProxy */ = {
			isa = PBXContainerItemProxy;
			containerPortal = 436D8B338F74ED6D89683145 /* Project object */;
			proxyType = 1;
			remoteGlobalIDString = BED5BDCFC6D711BC9CC34F0D;
			remoteInfo = DiskSight;
		};
/* End PBXContainerItemProxy section */

/* Begin PBXFileReference section */
		0804F9DCB7907E12FCF63176 /* Extensions.swift */ = {isa = PBXFileReference; lastKnownFileType = sourcecode.swift; path = Extensions.swift; sourceTree = "<group>"; };
		13ECE9999ABCCBDBDE067E35 /* FileScanner.swift */ = {isa = PBXFileReference; lastKnownFileType = sourcecode.swift; path = FileScanner.swift; sourceTree = "<group>"; };
		2A5B8A509C7E1C9C29FB889D /* DiskSightTests.xctest */ = {isa = PBXFileReference; explicitFileType = wrapper.cfbundle; includeInIndex = 0; name = DiskSightTests.xctest; path = DiskSightTests.xctest; sourceTree = BUILT_PRODUCTS_DIR; };
		3C95FFB0451C4ACA2F0F4E2C /* SizeFormatter.swift */ = {isa = PBXFileReference; lastKnownFileType = sourcecode.swift; path = SizeFormatter.swift; sourceTree = "<group>"; };
		508DE2BF78BF449381ED92ED /* Assets.xcassets */ = {isa = PBXFileReference; lastKnownFileType = folder.assetcatalog; path = Assets.xcassets; sourceTree = "<group>"; };
		5D098590F15DFE3A1DFFE3C1 /* FileRepository.swift */ = {isa = PBXFileReference; lastKnownFileType = sourcecode.swift; path = FileRepository.swift; sourceTree = "<group>"; };
		5F2DCEF68C808A7DEA667C11 /* SidebarView.swift */ = {isa = PBXFileReference; lastKnownFileType = sourcecode.swift; path = SidebarView.swift; sourceTree = "<group>"; };
		6826D15D1E8F1F0860879C1C /* DiskSightApp.swift */ = {isa = PBXFileReference; lastKnownFileType = sourcecode.swift; path = DiskSightApp.swift; sourceTree = "<group>"; };
		780D1B5C81EB6ACB1D978A82 /* SyncCompletionGatingTests.swift */ = {isa = PBXFileReference; includeInIndex = 1; lastKnownFileType = sourcecode.swift; path = SyncCompletionGatingTests.swift; sourceTree = "<group>"; };
		7E6D4D7A04627EA2E369663B /* DiskSight.app */ = {isa = PBXFileReference; explicitFileType = wrapper.application; includeInIndex = 0; path = DiskSight.app; sourceTree = BUILT_PRODUCTS_DIR; };
		A100000000000000000000B1 /* FileCategory.swift */ = {isa = PBXFileReference; lastKnownFileType = sourcecode.swift; path = FileCategory.swift; sourceTree = "<group>"; };
		A100000000000000000000B3 /* CleanupRecommendation.swift */ = {isa = PBXFileReference; lastKnownFileType = sourcecode.swift; path = CleanupRecommendation.swift; sourceTree = "<group>"; };
		A100000000000000000000B5 /* FileClassifier.swift */ = {isa = PBXFileReference; lastKnownFileType = sourcecode.swift; path = FileClassifier.swift; sourceTree = "<group>"; };
		A100000000000000000000B7 /* OllamaClient.swift */ = {isa = PBXFileReference; lastKnownFileType = sourcecode.swift; path = OllamaClient.swift; sourceTree = "<group>"; };
		A100000000000000000000B9 /* SmartCleanupService.swift */ = {isa = PBXFileReference; lastKnownFileType = sourcecode.swift; path = SmartCleanupService.swift; sourceTree = "<group>"; };
		A100000000000000000000BB /* SmartCleanupView.swift */ = {isa = PBXFileReference; lastKnownFileType = sourcecode.swift; path = SmartCleanupView.swift; sourceTree = "<group>"; };
		A20000000000000000000022 /* SmartCleanupServiceLLMTests.swift */ = {isa = PBXFileReference; includeInIndex = 1; lastKnownFileType = sourcecode.swift; path = SmartCleanupServiceLLMTests.swift; sourceTree = "<group>"; };
		A20000000000000000000028 /* CSVExporterTests.swift */ = {isa = PBXFileReference; includeInIndex = 1; lastKnownFileType = sourcecode.swift; path = CSVExporterTests.swift; sourceTree = "<group>"; };
		AA11BB22CC33DD44EE550001 /* TreemapLayout.swift */ = {isa = PBXFileReference; lastKnownFileType = sourcecode.swift; path = TreemapLayout.swift; sourceTree = "<group>"; };
		AA11BB22CC33DD44EE550003 /* TreemapView.swift */ = {isa = PBXFileReference; lastKnownFileType = sourcecode.swift; path = TreemapView.swift; sourceTree = "<group>"; };
		AA11BB22CC33DD44EE550005 /* VisualizationContainer.swift */ = {isa = PBXFileReference; lastKnownFileType = sourcecode.swift; path = VisualizationContainer.swift; sourceTree = "<group>"; };
		AA22BB33CC44DD55EE660001 /* CSVExporter.swift */ = {isa = PBXFileReference; lastKnownFileType = sourcecode.swift; path = CSVExporter.swift; sourceTree = "<group>"; };
		AB11CC22DD33EE44FF550001 /* FolderTreeNode.swift */ = {isa = PBXFileReference; lastKnownFileType = sourcecode.swift; path = FolderTreeNode.swift; sourceTree = "<group>"; };
		AB11CC22DD33EE44FF550003 /* FolderTreeSidebar.swift */ = {isa = PBXFileReference; lastKnownFileType = sourcecode.swift; path = FolderTreeSidebar.swift; sourceTree = "<group>"; };
		B20000000000000000000004 /* Info.plist */ = {isa = PBXFileReference; lastKnownFileType = text.plist.xml; path = Info.plist; sourceTree = "<group>"; };
		B59DBD89D7705FAF3DE048FD /* AppState.swift */ = {isa = PBXFileReference; lastKnownFileType = sourcecode.swift; path = AppState.swift; sourceTree = "<group>"; };
		BB22CC33DD44EE55FF660001 /* SunburstView.swift */ = {isa = PBXFileReference; lastKnownFileType = sourcecode.swift; path = SunburstView.swift; sourceTree = "<group>"; };
		BB22CC33DD44EE55FF660003 /* IcicleView.swift */ = {isa = PBXFileReference; lastKnownFileType = sourcecode.swift; path = IcicleView.swift; sourceTree = "<group>"; };
		BBF0BFD482578DB63AC518B6 /* Database.swift */ = {isa = PBXFileReference; lastKnownFileType = sourcecode.swift; path = Database.swift; sourceTree = "<group>"; };
		C2000000000000000000A001 /* GrowthFinder.swift */ = {isa = PBXFileReference; lastKnownFileType = sourcecode.swift; path = GrowthFinder.swift; sourceTree = "<group>"; };
		C2000000000000000000A003 /* GrowthView.swift */ = {isa = PBXFileReference; lastKnownFileType = sourcecode.swift; path = GrowthView.swift; sourceTree = "<group>"; };
		C84E31B5CCD03B3699D4B81A /* DiskSight.entitlements */ = {isa = PBXFileReference; lastKnownFileType = text.plist.entitlements; path = DiskSight.entitlements; sourceTree = "<group>"; };
		CC33DD44EE55FF66AA770001 /* FileHasher.swift */ = {isa = PBXFileReference; lastKnownFileType = sourcecode.swift; path = FileHasher.swift; sourceTree = "<group>"; };
		CC33DD44EE55FF66AA770004 /* DuplicateFinder.swift */ = {isa = PBXFileReference; lastKnownFileType = sourcecode.swift; path = DuplicateFinder.swift; sourceTree = "<group>"; };
		CC33DD44EE55FF66AA770007 /* DuplicatesView.swift */ = {isa = PBXFileReference; lastKnownFileType = sourcecode.swift; path = DuplicatesView.swift; sourceTree = "<group>"; };
		CF54BC3C911EC85ADE7B78E3 /* ScanSession.swift */ = {isa = PBXFileReference; lastKnownFileType = sourcecode.swift; path = ScanSession.swift; sourceTree = "<group>"; };
		D8D7824EE61D5A6B5513850A /* FileNode.swift */ = {isa = PBXFileReference; lastKnownFileType = sourcecode.swift; path = FileNode.swift; sourceTree = "<group>"; };
		DD44EE55FF66AA77BB880001 /* StaleFinder.swift */ = {isa = PBXFileReference; lastKnownFileType = sourcecode.swift; path = StaleFinder.swift; sourceTree = "<group>"; };
		DD44EE55FF66AA77BB880003 /* CacheDetector.swift */ = {isa = PBXFileReference; lastKnownFileType = sourcecode.swift; path = CacheDetector.swift; sourceTree = "<group>"; };
		DD44EE55FF66AA77BB880005 /* StaleFilesView.swift */ = {isa = PBXFileReference; lastKnownFileType = sourcecode.swift; path = StaleFilesView.swift; sourceTree = "<group>"; };
		DD44EE55FF66AA77BB880008 /* CacheView.swift */ = {isa = PBXFileReference; lastKnownFileType = sourcecode.swift; path = CacheView.swift; sourceTree = "<group>"; };
		E0D904D1876A051306CEAC7D /* OverviewView.swift */ = {isa = PBXFileReference; lastKnownFileType = sourcecode.swift; path = OverviewView.swift; sourceTree = "<group>"; };
		EE55FF66AA77BB88CC990001 /* FSEventsMonitor.swift */ = {isa = PBXFileReference; lastKnownFileType = sourcecode.swift; path = FSEventsMonitor.swift; sourceTree = "<group>"; };
		F680AB1E2D7A96CBB20F1879 /* Cocoa.framework */ = {isa = PBXFileReference; lastKnownFileType = wrapper.framework; name = Cocoa.framework; path = Platforms/MacOSX.platform/Developer/SDKs/MacOSX15.0.sdk/System/Library/Frameworks/Cocoa.framework; sourceTree = DEVELOPER_DIR; };
		FABB6D193766F9ECD9FC936C /* DuplicateGroup.swift */ = {isa = PBXFileReference; lastKnownFileType = sourcecode.swift; path = DuplicateGroup.swift; sourceTree = "<group>"; };
		FF66AA77BB88CC99DD000001 /* SearchView.swift */ = {isa = PBXFileReference; lastKnownFileType = sourcecode.swift; path = SearchView.swift; sourceTree = "<group>"; };
		FF66AA77BB88CC99DD000003 /* SettingsView.swift */ = {isa = PBXFileReference; lastKnownFileType = sourcecode.swift; path = SettingsView.swift; sourceTree = "<group>"; };
		FF66AA77BB88CC99DD000005 /* OnboardingView.swift */ = {isa = PBXFileReference; lastKnownFileType = sourcecode.swift; path = OnboardingView.swift; sourceTree = "<group>"; };
		FF66AA77BB88CC99DD000007 /* FileRowView.swift */ = {isa = PBXFileReference; lastKnownFileType = sourcecode.swift; path = FileRowView.swift; sourceTree = "<group>"; };
/* End PBXFileReference section */

/* Begin PBXFrameworksBuildPhase section */
		349B578E88FC623128D2018B /* Frameworks */ = {
			isa = PBXFrameworksBuildPhase;
			buildActionMask = 2147483647;
			files = (
				E67803CF35CCDE4F1B53F138 /* GRDB in Frameworks */,
				603E27012EDB5120B9A2EA00 /* xxHash-Swift in Frameworks */,
				B20000000000000000000003 /* Sparkle in Frameworks */,
			);
			runOnlyForDeploymentPostprocessing = 0;
		};
		E288675118E984DE642CE5D1 /* Frameworks */ = {
			isa = PBXFrameworksBuildPhase;
			buildActionMask = 2147483647;
			files = (
				50215A77515AC38D1B8A5B09 /* Cocoa.framework in Frameworks */,
				A20000000000000000000025 /* GRDB in Frameworks */,
				A20000000000000000000026 /* xxHash-Swift in Frameworks */,
				A20000000000000000000027 /* Sparkle in Frameworks */,
			);
			runOnlyForDeploymentPostprocessing = 0;
		};
/* End PBXFrameworksBuildPhase section */

/* Begin PBXGroup section */
		0945AAFC759DBAE7AA129941 /* Scanner */ = {
			isa = PBXGroup;
			children = (
				13ECE9999ABCCBDBDE067E35 /* FileScanner.swift */,
			);
			path = Scanner;
			sourceTree = "<group>";
		};
		0D84D44E013410F8DB0F46F3 /* Frameworks */ = {
			isa = PBXGroup;
			children = (
				1660B5486EDA508AA70C21FB /* OS X */,
			);
			name = Frameworks;
			sourceTree = "<group>";
		};
		1660B5486EDA508AA70C21FB /* OS X */ = {
			isa = PBXGroup;
			children = (
				F680AB1E2D7A96CBB20F1879 /* Cocoa.framework */,
			);
			name = "OS X";
			sourceTree = "<group>";
		};
		3F1A6F6EF684BF876E735D9F = {
			isa = PBXGroup;
			children = (
				98298E95572A74422A37D37C /* DiskSight */,
				A20000000000000000000023 /* DiskSightTests */,
				C863DA5204F95EC573510473 /* Products */,
				0D84D44E013410F8DB0F46F3 /* Frameworks */,
			);
			sourceTree = "<group>";
		};
		453DE912D6B3AFEBCFF23B99 /* Models */ = {
			isa = PBXGroup;
			children = (
				D8D7824EE61D5A6B5513850A /* FileNode.swift */,
				CF54BC3C911EC85ADE7B78E3 /* ScanSession.swift */,
				FABB6D193766F9ECD9FC936C /* DuplicateGroup.swift */,
				A100000000000000000000B1 /* FileCategory.swift */,
				A100000000000000000000B3 /* CleanupRecommendation.swift */,
			);
			path = Models;
			sourceTree = "<group>";
		};
		5F33D346C68BCD1C13A7AAEA /* Overview */ = {
			isa = PBXGroup;
			children = (
				E0D904D1876A051306CEAC7D /* OverviewView.swift */,
			);
			path = Overview;
			sourceTree = "<group>";
		};
		62D9646BDC6CD6F053C05EEB /* App */ = {
			isa = PBXGroup;
			children = (
				6826D15D1E8F1F0860879C1C /* DiskSightApp.swift */,
				B59DBD89D7705FAF3DE048FD /* AppState.swift */,
			);
			path = App;
			sourceTree = "<group>";
		};
		816865087AD87E72CB832DCB /* Views */ = {
			isa = PBXGroup;
			children = (
				B84B0BD01D56F99FF09337B5 /* Sidebar */,
				5F33D346C68BCD1C13A7AAEA /* Overview */,
				A68E5A9978FC822A593DEC49 /* Shared */,
				AA11BB22CC33DD44EE550007 /* Visualization */,
				C2000000000000000000A005 /* Growth */,
				CC33DD44EE55FF66AA770009 /* Duplicates */,
				DD44EE55FF66AA77BB880007 /* StaleFiles */,
				DD44EE55FF66AA77BB88000A /* Cache */,
				A100000000000000000000BF /* SmartCleanup */,
			);
			path = Views;
			sourceTree = "<group>";
		};
		98298E95572A74422A37D37C /* DiskSight */ = {
			isa = PBXGroup;
			children = (
				62D9646BDC6CD6F053C05EEB /* App */,
				453DE912D6B3AFEBCFF23B99 /* Models */,
				A6D0068FA40C9236797CBDD4 /* Services */,
				816865087AD87E72CB832DCB /* Views */,
				D00C43740EE20DDF9E840862 /* Utilities */,
				B972E91B2772F5D3093A2C9D /* Resources */,
				C84E31B5CCD03B3699D4B81A /* DiskSight.entitlements */,
				B20000000000000000000004 /* Info.plist */,
			);
			path = DiskSight;
			sourceTree = "<group>";
		};
		A100000000000000000000BD /* AI */ = {
			isa = PBXGroup;
			children = (
				A100000000000000000000B5 /* FileClassifier.swift */,
				A100000000000000000000B7 /* OllamaClient.swift */,
				A100000000000000000000B9 /* SmartCleanupService.swift */,
			);
			path = AI;
			sourceTree = "<group>";
		};
		A100000000000000000000BF /* SmartCleanup */ = {
			isa = PBXGroup;
			children = (
				A100000000000000000000BB /* SmartCleanupView.swift */,
			);
			path = SmartCleanup;
			sourceTree = "<group>";
		};
		A20000000000000000000023 /* DiskSightTests */ = {
			isa = PBXGroup;
			children = (
				A20000000000000000000028 /* CSVExporterTests.swift */,
				780D1B5C81EB6ACB1D978A82 /* SyncCompletionGatingTests.swift */,
				A20000000000000000000022 /* SmartCleanupServiceLLMTests.swift */,
			);
			path = DiskSightTests;
			sourceTree = "<group>";
		};
		A68E5A9978FC822A593DEC49 /* Shared */ = {
			isa = PBXGroup;
			children = (
				3C95FFB0451C4ACA2F0F4E2C /* SizeFormatter.swift */,
				FF66AA77BB88CC99DD000001 /* SearchView.swift */,
				FF66AA77BB88CC99DD000003 /* SettingsView.swift */,
				FF66AA77BB88CC99DD000005 /* OnboardingView.swift */,
				FF66AA77BB88CC99DD000007 /* FileRowView.swift */,
			);
			path = Shared;
			sourceTree = "<group>";
		};
		A6D0068FA40C9236797CBDD4 /* Services */ = {
			isa = PBXGroup;
			children = (
				0945AAFC759DBAE7AA129941 /* Scanner */,
				A88B98A916016A74BB50C6B8 /* Storage */,
				CC33DD44EE55FF66AA770003 /* Hashing */,
				CC33DD44EE55FF66AA770006 /* Analysis */,
				EE55FF66AA77BB88CC990003 /* Monitor */,
				AA22BB33CC44DD55EE660003 /* Export */,
				A100000000000000000000BD /* AI */,
			);
			path = Services;
			sourceTree = "<group>";
		};
		A88B98A916016A74BB50C6B8 /* Storage */ = {
			isa = PBXGroup;
			children = (
				BBF0BFD482578DB63AC518B6 /* Database.swift */,
				5D098590F15DFE3A1DFFE3C1 /* FileRepository.swift */,
			);
			path = Storage;
			sourceTree = "<group>";
		};
		AA11BB22CC33DD44EE550007 /* Visualization */ = {
			isa = PBXGroup;
			children = (
				AA11BB22CC33DD44EE550001 /* TreemapLayout.swift */,
				AA11BB22CC33DD44EE550003 /* TreemapView.swift */,
				AA11BB22CC33DD44EE550005 /* VisualizationContainer.swift */,
				BB22CC33DD44EE55FF660001 /* SunburstView.swift */,
				BB22CC33DD44EE55FF660003 /* IcicleView.swift */,
				AB11CC22DD33EE44FF550001 /* FolderTreeNode.swift */,
				AB11CC22DD33EE44FF550003 /* FolderTreeSidebar.swift */,
			);
			path = Visualization;
			sourceTree = "<group>";
		};
		AA22BB33CC44DD55EE660003 /* Export */ = {
			isa = PBXGroup;
			children = (
				AA22BB33CC44DD55EE660001 /* CSVExporter.swift */,
			);
			path = Export;
			sourceTree = "<group>";
		};
		B84B0BD01D56F99FF09337B5 /* Sidebar */ = {
			isa = PBXGroup;
			children = (
				5F2DCEF68C808A7DEA667C11 /* SidebarView.swift */,
			);
			path = Sidebar;
			sourceTree = "<group>";
		};
		B972E91B2772F5D3093A2C9D /* Resources */ = {
			isa = PBXGroup;
			children = (
				508DE2BF78BF449381ED92ED /* Assets.xcassets */,
			);
			path = Resources;
			sourceTree = "<group>";
		};
		C2000000000000000000A005 /* Growth */ = {
			isa = PBXGroup;
			children = (
				C2000000000000000000A003 /* GrowthView.swift */,
			);
			path = Growth;
			sourceTree = "<group>";
		};
		C863DA5204F95EC573510473 /* Products */ = {
			isa = PBXGroup;
			children = (
				7E6D4D7A04627EA2E369663B /* DiskSight.app */,
				2A5B8A509C7E1C9C29FB889D /* DiskSightTests.xctest */,
			);
			name = Products;
			sourceTree = "<group>";
		};
		CC33DD44EE55FF66AA770003 /* Hashing */ = {
			isa = PBXGroup;
			children = (
				CC33DD44EE55FF66AA770001 /* FileHasher.swift */,
			);
			path = Hashing;
			sourceTree = "<group>";
		};
		CC33DD44EE55FF66AA770006 /* Analysis */ = {
			isa = PBXGroup;
			children = (
				CC33DD44EE55FF66AA770004 /* DuplicateFinder.swift */,
				DD44EE55FF66AA77BB880001 /* StaleFinder.swift */,
				DD44EE55FF66AA77BB880003 /* CacheDetector.swift */,
				C2000000000000000000A001 /* GrowthFinder.swift */,
			);
			path = Analysis;
			sourceTree = "<group>";
		};
		CC33DD44EE55FF66AA770009 /* Duplicates */ = {
			isa = PBXGroup;
			children = (
				CC33DD44EE55FF66AA770007 /* DuplicatesView.swift */,
			);
			path = Duplicates;
			sourceTree = "<group>";
		};
		D00C43740EE20DDF9E840862 /* Utilities */ = {
			isa = PBXGroup;
			children = (
				0804F9DCB7907E12FCF63176 /* Extensions.swift */,
			);
			path = Utilities;
			sourceTree = "<group>";
		};
		DD44EE55FF66AA77BB880007 /* StaleFiles */ = {
			isa = PBXGroup;
			children = (
				DD44EE55FF66AA77BB880005 /* StaleFilesView.swift */,
			);
			path = StaleFiles;
			sourceTree = "<group>";
		};
		DD44EE55FF66AA77BB88000A /* Cache */ = {
			isa = PBXGroup;
			children = (
				DD44EE55FF66AA77BB880008 /* CacheView.swift */,
			);
			path = Cache;
			sourceTree = "<group>";
		};
		EE55FF66AA77BB88CC990003 /* Monitor */ = {
			isa = PBXGroup;
			children = (
				EE55FF66AA77BB88CC990001 /* FSEventsMonitor.swift */,
			);
			path = Monitor;
			sourceTree = "<group>";
		};
/* End PBXGroup section */

/* Begin PBXNativeTarget section */
		A20000000000000000000024 /* DiskSightTests */ = {
			isa = PBXNativeTarget;
			buildConfigurationList = AA3F953115A0D39D68FE752D /* Build configuration list for PBXNativeTarget "DiskSightTests" */;
			buildPhases = (
				95259BE491C5E003192C94C6 /* Sources */,
				E288675118E984DE642CE5D1 /* Frameworks */,
				FDF075E4299F3E3E2524A131 /* Resources */,
			);
			buildRules = (
			);
			dependencies = (
				8D03A8530F83D643E29D0E89 /* PBXTargetDependency */,
			);
			name = DiskSightTests;
			packageProductDependencies = (
				17C54FA1597D67FCF5828176 /* GRDB */,
				3DA1B721167DDD7A6A3C800A /* xxHash-Swift */,
				B20000000000000000000002 /* Sparkle */,
			);
			productName = DiskSightTests;
			productReference = 2A5B8A509C7E1C9C29FB889D /* DiskSightTests.xctest */;
			productType = "com.apple.product-type.bundle.unit-test";
		};
		BED5BDCFC6D711BC9CC34F0D /* DiskSight */ = {
			isa = PBXNativeTarget;
			buildConfigurationList = 88A9556C78F4D881C352E222 /* Build configuration list for PBXNativeTarget "DiskSight" */;
			buildPhases = (
				F3F3D267CF0FD5307403D537 /* Sources */,
				349B578E88FC623128D2018B /* Frameworks */,
				41B260B1D2A5E0B273280C8E /* Resources */,
			);
			buildRules = (
			);
			dependencies = (
			);
			name = DiskSight;
			packageProductDependencies = (
				17C54FA1597D67FCF5828176 /* GRDB */,
				3DA1B721167DDD7A6A3C800A /* xxHash-Swift */,
				B20000000000000000000002 /* Sparkle */,
			);
			productName = DiskSight;
			productReference = 7E6D4D7A04627EA2E369663B /* DiskSight.app */;
			productType = "com.apple.product-type.application";
		};
/* End PBXNativeTarget section */

/* Begin PBXProject section */
		436D8B338F74ED6D89683145 /* Project object */ = {
			isa = PBXProject;
			buildConfigurationList = 887D4B5F61EA6AAAF609F3AC /* Build configuration list for PBXProject "DiskSight" */;
			compatibilityVersion = "Xcode 14.0";
			developmentRegion = en;
			hasScannedForEncodings = 0;
			knownRegions = (
				en,
				Base,
			);
			mainGroup = 3F1A6F6EF684BF876E735D9F;
			packageReferences = (
				CE6184D64DB6D5A5FB7810EF /* XCRemoteSwiftPackageReference "GRDB.swift" */,
				E2DA16D06A895A8372103EF1 /* XCRemoteSwiftPackageReference "xxHash-Swift" */,
				B20000000000000000000001 /* XCRemoteSwiftPackageReference "Sparkle" */,
			);
			productRefGroup = C863DA5204F95EC573510473 /* Products */;
			projectDirPath = "";
			projectRoot = "";
			targets = (
				BED5BDCFC6D711BC9CC34F0D /* DiskSight */,
				A20000000000000000000024 /* DiskSightTests */,
			);
		};
/* End PBXProject section */

/* Begin PBXResourcesBuildPhase section */
		41B260B1D2A5E0B273280C8E /* Resources */ = {
			isa = PBXResourcesBuildPhase;
			buildActionMask = 2147483647;
			files = (
				73760C0512674488025CFBFE /* Assets.xcassets in Resources */,
			);
			runOnlyForDeploymentPostprocessing = 0;
		};
		FDF075E4299F3E3E2524A131 /* Resources */ = {
			isa = PBXResourcesBuildPhase;
			buildActionMask = 2147483647;
			files = (
			);
			runOnlyForDeploymentPostprocessing = 0;
		};
/* End PBXResourcesBuildPhase section */

/* Begin PBXSourcesBuildPhase section */
		95259BE491C5E003192C94C6 /* Sources */ = {
			isa = PBXSourcesBuildPhase;
			buildActionMask = 2147483647;
			files = (
				A20000000000000000000029 /* CSVExporterTests.swift in Sources */,
				276AB21C5D3C91F1C5E772EE /* SyncCompletionGatingTests.swift in Sources */,
				A20000000000000000000021 /* SmartCleanupServiceLLMTests.swift in Sources */,
			);
			runOnlyForDeploymentPostprocessing = 0;
		};
		F3F3D267CF0FD5307403D537 /* Sources */ = {
			isa = PBXSourcesBuildPhase;
			buildActionMask = 2147483647;
			files = (
				15138C29AA451A279000A205 /* DiskSightApp.swift in Sources */,
				35D236AE9DF0F05795CAE6AE /* AppState.swift in Sources */,
				3C094ED6F060073A94C125C7 /* FileNode.swift in Sources */,
				1643CB98A6BCD392836CF593 /* ScanSession.swift in Sources */,
				71DC754241F61D3E8BAEE027 /* DuplicateGroup.swift in Sources */,
				FD5708A3272F94743712A778 /* FileScanner.swift in Sources */,
				B1AC1B07C0987FC512F7D911 /* Database.swift in Sources */,
				0255C6E88B3E7BB8C68C5E51 /* FileRepository.swift in Sources */,
				B703A08D6CE1473FE94CA376 /* SidebarView.swift in Sources */,
				27CA3BACF1C5C44D30B0584F /* OverviewView.swift in Sources */,
				A695256D70C4C474057653FB /* SizeFormatter.swift in Sources */,
				B38E37CB108A4A82A23D4882 /* Extensions.swift in Sources */,
				AA11BB22CC33DD44EE550002 /* TreemapLayout.swift in Sources */,
				AA11BB22CC33DD44EE550004 /* TreemapView.swift in Sources */,
				AA11BB22CC33DD44EE550006 /* VisualizationContainer.swift in Sources */,
				BB22CC33DD44EE55FF660002 /* SunburstView.swift in Sources */,
				BB22CC33DD44EE55FF660004 /* IcicleView.swift in Sources */,
				AB11CC22DD33EE44FF550002 /* FolderTreeNode.swift in Sources */,
				AB11CC22DD33EE44FF550004 /* FolderTreeSidebar.swift in Sources */,
				CC33DD44EE55FF66AA770002 /* FileHasher.swift in Sources */,
				CC33DD44EE55FF66AA770005 /* DuplicateFinder.swift in Sources */,
				CC33DD44EE55FF66AA770008 /* DuplicatesView.swift in Sources */,
				DD44EE55FF66AA77BB880002 /* StaleFinder.swift in Sources */,
				DD44EE55FF66AA77BB880004 /* CacheDetector.swift in Sources */,
				DD44EE55FF66AA77BB880006 /* StaleFilesView.swift in Sources */,
				DD44EE55FF66AA77BB880009 /* CacheView.swift in Sources */,
				EE55FF66AA77BB88CC990002 /* FSEventsMonitor.swift in Sources */,
				FF66AA77BB88CC99DD000002 /* SearchView.swift in Sources */,
				FF66AA77BB88CC99DD000004 /* SettingsView.swift in Sources */,
				FF66AA77BB88CC99DD000006 /* OnboardingView.swift in Sources */,
				FF66AA77BB88CC99DD000008 /* FileRowView.swift in Sources */,
				AA22BB33CC44DD55EE660002 /* CSVExporter.swift in Sources */,
				A100000000000000000000B2 /* FileCategory.swift in Sources */,
				A100000000000000000000B4 /* CleanupRecommendation.swift in Sources */,
				A100000000000000000000B6 /* FileClassifier.swift in Sources */,
				A100000000000000000000B8 /* OllamaClient.swift in Sources */,
				A100000000000000000000BA /* SmartCleanupService.swift in Sources */,
				A100000000000000000000BC /* SmartCleanupView.swift in Sources */,
				C2000000000000000000A002 /* GrowthFinder.swift in Sources */,
				C2000000000000000000A004 /* GrowthView.swift in Sources */,
			);
			runOnlyForDeploymentPostprocessing = 0;
		};
/* End PBXSourcesBuildPhase section */

/* Begin PBXTargetDependency section */
		8D03A8530F83D643E29D0E89 /* PBXTargetDependency */ = {
			isa = PBXTargetDependency;
			name = DiskSight;
			target = BED5BDCFC6D711BC9CC34F0D /* DiskSight */;
			targetProxy = 69E5C2991688D12B28E38593 /* PBXContainerItemProxy */;
		};
/* End PBXTargetDependency section */

/* Begin XCBuildConfiguration section */
		71B50D198E64EEE00C2C0E9C /* Release */ = {
			isa = XCBuildConfiguration;
			buildSettings = {
				ASSETCATALOG_COMPILER_APPICON_NAME = AppIcon;
				ASSETCATALOG_COMPILER_GLOBAL_ACCENT_COLOR_NAME = AccentColor;
				CODE_SIGN_ENTITLEMENTS = DiskSight/DiskSight.entitlements;
				CODE_SIGN_STYLE = Automatic;
				COMBINE_HIDPI_IMAGES = YES;
				CURRENT_PROJECT_VERSION = 2;
				ENABLE_HARDENED_RUNTIME = YES;
				GENERATE_INFOPLIST_FILE = YES;
				INFOPLIST_FILE = DiskSight/Info.plist;
				INFOPLIST_KEY_NSHumanReadableCopyright = "";
				INFOPLIST_KEY_NSMainStoryboardFile = "";
				INFOPLIST_KEY_NSPrincipalClass = NSApplication;
				LD_RUNPATH_SEARCH_PATHS = (
					"$(inherited)",
					"@executable_path/../Frameworks",
				);
				MACOSX_DEPLOYMENT_TARGET = 14.0;
				MARKETING_VERSION = 1.2.0;
				PRODUCT_BUNDLE_IDENTIFIER = com.disksight.app;
				PRODUCT_NAME = "$(TARGET_NAME)";
				SWIFT_EMIT_LOC_STRINGS = YES;
				SWIFT_VERSION = 5.0;
			};
			name = Release;
		};
		A1FEF218C4C57CE118AD5A8A /* Debug */ = {
			isa = XCBuildConfiguration;
			buildSettings = {
				ALWAYS_SEARCH_USER_PATHS = NO;
				CLANG_ANALYZER_NONNULL = YES;
				CLANG_ANALYZER_NUMBER_OBJECT_CONVERSION = YES_AGGRESSIVE;
				CLANG_CXX_LANGUAGE_STANDARD = "gnu++20";
				CLANG_ENABLE_MODULES = YES;
				CLANG_ENABLE_OBJC_ARC = YES;
				CLANG_ENABLE_OBJC_WEAK = YES;
				CLANG_WARN_BLOCK_CAPTURE_AUTORELEASING = YES;
				CLANG_WARN_BOOL_CONVERSION = YES;
				CLANG_WARN_COMMA = YES;
				CLANG_WARN_CONSTANT_CONVERSION = YES;
				CLANG_WARN_DEPRECATED_OBJC_IMPLEMENTATIONS = YES;
				CLANG_WARN_DIRECT_OBJC_ISA_USAGE = YES_ERROR;
				CLANG_WARN_DOCUMENTATION_COMMENTS = YES;
				CLANG_WARN_EMPTY_BODY = YES;
				CLANG_WARN_ENUM_CONVERSION = YES;
				CLANG_WARN_INFINITE_RECURSION = YES;
				CLANG_WARN_INT_CONVERSION = YES;
				CLANG_WARN_NON_LITERAL_NULL_CONVERSION = YES;
				CLANG_WARN_OBJC_IMPLICIT_RETAIN_SELF = YES;
				CLANG_WARN_OBJC_LITERAL_CONVERSION = YES;
				CLANG_WARN_OBJC_ROOT_CLASS = YES_ERROR;
				CLANG_WARN_QUOTED_INCLUDE_IN_FRAMEWORK_HEADER = YES;
				CLANG_WARN_RANGE_LOOP_ANALYSIS = YES;
				CLANG_WARN_STRICT_PROTOTYPES = YES;
				CLANG_WARN_SUSPICIOUS_MOVE = YES;
				CLANG_WARN_UNGUARDED_AVAILABILITY = YES_AGGRESSIVE;
				CLANG_WARN_UNREACHABLE_CODE = YES;
				CLANG_WARN__DUPLICATE_METHOD_MATCH = YES;
				COPY_PHASE_STRIP = NO;
				DEBUG_INFORMATION_FORMAT = dwarf;
				ENABLE_STRICT_OBJC_MSGSEND = YES;
				ENABLE_TESTABILITY = YES;
				GCC_C_LANGUAGE_STANDARD = gnu17;
				GCC_DYNAMIC_NO_PIC = NO;
				GCC_NO_COMMON_BLOCKS = YES;
				GCC_OPTIMIZATION_LEVEL = 0;
				GCC_PREPROCESSOR_DEFINITIONS = (
					"DEBUG=1",
					"$(inherited)",
				);
				GCC_WARN_64_TO_32_BIT_CONVERSION = YES;
				GCC_WARN_ABOUT_RETURN_TYPE = YES_ERROR;
				GCC_WARN_UNDECLARED_SELECTOR = YES;
				GCC_WARN_UNINITIALIZED_AUTOS = YES_AGGRESSIVE;
				GCC_WARN_UNUSED_FUNCTION = YES;
				GCC_WARN_UNUSED_VARIABLE = YES;
				MACOSX_DEPLOYMENT_TARGET = 14.0;
				MTL_ENABLE_DEBUG_INFO = INCLUDE_SOURCE;
				MTL_FAST_MATH = YES;
				ONLY_ACTIVE_ARCH = YES;
				SDKROOT = macosx;
				SWIFT_ACTIVE_COMPILATION_CONDITIONS = DEBUG;
				SWIFT_OPTIMIZATION_LEVEL = "-Onone";
			};
			name = Debug;
		};
		D49EF4AC7029FD1A8C1140E0 /* Release */ = {
			isa = XCBuildConfiguration;
			buildSettings = {
				ALWAYS_SEARCH_USER_PATHS = NO;
				CLANG_ANALYZER_NONNULL = YES;
				CLANG_ANALYZER_NUMBER_OBJECT_CONVERSION = YES_AGGRESSIVE;
				CLANG_CXX_LANGUAGE_STANDARD = "gnu++20";
				CLANG_ENABLE_MODULES = YES;
				CLANG_ENABLE_OBJC_ARC = YES;
				CLANG_ENABLE_OBJC_WEAK = YES;
				CLANG_WARN_BLOCK_CAPTURE_AUTORELEASING = YES;
				CLANG_WARN_BOOL_CONVERSION = YES;
				CLANG_WARN_COMMA = YES;
				CLANG_WARN_CONSTANT_CONVERSION = YES;
				CLANG_WARN_DEPRECATED_OBJC_IMPLEMENTATIONS = YES;
				CLANG_WARN_DIRECT_OBJC_ISA_USAGE = YES_ERROR;
				CLANG_WARN_DOCUMENTATION_COMMENTS = YES;
				CLANG_WARN_EMPTY_BODY = YES;
				CLANG_WARN_ENUM_CONVERSION = YES;
				CLANG_WARN_INFINITE_RECURSION = YES;
				CLANG_WARN_INT_CONVERSION = YES;
				CLANG_WARN_NON_LITERAL_NULL_CONVERSION = YES;
				CLANG_WARN_OBJC_IMPLICIT_RETAIN_SELF = YES;
				CLANG_WARN_OBJC_LITERAL_CONVERSION = YES;
				CLANG_WARN_OBJC_ROOT_CLASS = YES_ERROR;
				CLANG_WARN_QUOTED_INCLUDE_IN_FRAMEWORK_HEADER = YES;
				CLANG_WARN_RANGE_LOOP_ANALYSIS = YES;
				CLANG_WARN_STRICT_PROTOTYPES = YES;
				CLANG_WARN_SUSPICIOUS_MOVE = YES;
				CLANG_WARN_UNGUARDED_AVAILABILITY = YES_AGGRESSIVE;
				CLANG_WARN_UNREACHABLE_CODE = YES;
				CLANG_WARN__DUPLICATE_METHOD_MATCH = YES;
				COPY_PHASE_STRIP = NO;
				DEBUG_INFORMATION_FORMAT = "dwarf-with-dsym";
				ENABLE_NS_ASSERTIONS = NO;
				ENABLE_STRICT_OBJC_MSGSEND = YES;
				GCC_C_LANGUAGE_STANDARD = gnu17;
				GCC_NO_COMMON_BLOCKS = YES;
				GCC_WARN_64_TO_32_BIT_CONVERSION = YES;
				GCC_WARN_ABOUT_RETURN_TYPE = YES_ERROR;
				GCC_WARN_UNDECLARED_SELECTOR = YES;
				GCC_WARN_UNINITIALIZED_AUTOS = YES_AGGRESSIVE;
				GCC_WARN_UNUSED_FUNCTION = YES;
				GCC_WARN_UNUSED_VARIABLE = YES;
				MACOSX_DEPLOYMENT_TARGET = 14.0;
				MTL_ENABLE_DEBUG_INFO = NO;
				MTL_FAST_MATH = YES;
				SDKROOT = macosx;
				SWIFT_COMPILATION_MODE = wholemodule;
				SWIFT_OPTIMIZATION_LEVEL = "-O";
			};
			name = Release;
		};
		E84EEE2F6C4761B37ECB5547 /* Release */ = {
			isa = XCBuildConfiguration;
			buildSettings = {
				BUNDLE_LOADER = "$(TEST_HOST)";
				GENERATE_INFOPLIST_FILE = YES;
				MACOSX_DEPLOYMENT_TARGET = 14.0;
				PRODUCT_BUNDLE_IDENTIFIER = com.disksight.appTests;
				PRODUCT_MODULE_NAME = DiskSightTests;
				PRODUCT_NAME = DiskSightTests;
				SDKROOT = macosx;
				SWIFT_MODULE_NAME = DiskSightTests;
				SWIFT_VERSION = 5.0;
				TEST_HOST = "$(BUILT_PRODUCTS_DIR)/DiskSight.app/Contents/MacOS/DiskSight";
				TEST_TARGET_NAME = DiskSight;
			};
			name = Release;
		};
		EF5283B301E577F51E73F4B3 /* Debug */ = {
			isa = XCBuildConfiguration;
			buildSettings = {
				BUNDLE_LOADER = "$(TEST_HOST)";
				GENERATE_INFOPLIST_FILE = YES;
				MACOSX_DEPLOYMENT_TARGET = 14.0;
				PRODUCT_BUNDLE_IDENTIFIER = com.disksight.appTests;
				PRODUCT_MODULE_NAME = DiskSightTests;
				PRODUCT_NAME = DiskSightTests;
				SDKROOT = macosx;
				SWIFT_MODULE_NAME = DiskSightTests;
				SWIFT_VERSION = 5.0;
				TEST_HOST = "$(BUILT_PRODUCTS_DIR)/DiskSight.app/Contents/MacOS/DiskSight";
				TEST_TARGET_NAME = DiskSight;
			};
			name = Debug;
		};
		FEE7AE1A1C8291DDE6965C1D /* Debug */ = {
			isa = XCBuildConfiguration;
			buildSettings = {
				ASSETCATALOG_COMPILER_APPICON_NAME = AppIcon;
				ASSETCATALOG_COMPILER_GLOBAL_ACCENT_COLOR_NAME = AccentColor;
				CODE_SIGN_ENTITLEMENTS = DiskSight/DiskSight.entitlements;
				CODE_SIGN_STYLE = Automatic;
				COMBINE_HIDPI_IMAGES = YES;
				CURRENT_PROJECT_VERSION = 2;
				ENABLE_HARDENED_RUNTIME = YES;
				GENERATE_INFOPLIST_FILE = YES;
				INFOPLIST_FILE = DiskSight/Info.plist;
				INFOPLIST_KEY_NSHumanReadableCopyright = "";
				INFOPLIST_KEY_NSMainStoryboardFile = "";
				INFOPLIST_KEY_NSPrincipalClass = NSApplication;
				LD_RUNPATH_SEARCH_PATHS = (
					"$(inherited)",
					"@executable_path/../Frameworks",
				);
				MACOSX_DEPLOYMENT_TARGET = 14.0;
				MARKETING_VERSION = 1.2.0;
				PRODUCT_BUNDLE_IDENTIFIER = com.disksight.app;
				PRODUCT_NAME = "$(TARGET_NAME)";
				SWIFT_EMIT_LOC_STRINGS = YES;
				SWIFT_VERSION = 5.0;
			};
			name = Debug;
		};
/* End XCBuildConfiguration section */

/* Begin XCConfigurationList section */
		887D4B5F61EA6AAAF609F3AC /* Build configuration list for PBXProject "DiskSight" */ = {
			isa = XCConfigurationList;
			buildConfigurations = (
				A1FEF218C4C57CE118AD5A8A /* Debug */,
				D49EF4AC7029FD1A8C1140E0 /* Release */,
			);
			defaultConfigurationIsVisible = 0;
			defaultConfigurationName = Release;
		};
		88A9556C78F4D881C352E222 /* Build configuration list for PBXNativeTarget "DiskSight" */ = {
			isa = XCConfigurationList;
			buildConfigurations = (
				FEE7AE1A1C8291DDE6965C1D /* Debug */,
				71B50D198E64EEE00C2C0E9C /* Release */,
			);
			defaultConfigurationIsVisible = 0;
			defaultConfigurationName = Release;
		};
		AA3F953115A0D39D68FE752D /* Build configuration list for PBXNativeTarget "DiskSightTests" */ = {
			isa = XCConfigurationList;
			buildConfigurations = (
				E84EEE2F6C4761B37ECB5547 /* Release */,
				EF5283B301E577F51E73F4B3 /* Debug */,
			);
			defaultConfigurationIsVisible = 0;
			defaultConfigurationName = Release;
		};
/* End XCConfigurationList section */

/* Begin XCRemoteSwiftPackageReference section */
		B20000000000000000000001 /* XCRemoteSwiftPackageReference "Sparkle" */ = {
			isa = XCRemoteSwiftPackageReference;
			repositoryURL = "https://github.com/sparkle-project/Sparkle";
			requirement = {
				kind = upToNextMajorVersion;
				minimumVersion = 2.0.0;
			};
		};
		CE6184D64DB6D5A5FB7810EF /* XCRemoteSwiftPackageReference "GRDB.swift" */ = {
			isa = XCRemoteSwiftPackageReference;
			repositoryURL = "https://github.com/groue/GRDB.swift.git";
			requirement = {
				kind = upToNextMajorVersion;
				minimumVersion = 7.0.0;
			};
		};
		E2DA16D06A895A8372103EF1 /* XCRemoteSwiftPackageReference "xxHash-Swift" */ = {
			isa = XCRemoteSwiftPackageReference;
			repositoryURL = "https://github.com/daisuke-t-jp/xxHash-Swift.git";
			requirement = {
				kind = exactVersion;
				version = 1.1.1;
			};
		};
/* End XCRemoteSwiftPackageReference section */

/* Begin XCSwiftPackageProductDependency section */
		17C54FA1597D67FCF5828176 /* GRDB */ = {
			isa = XCSwiftPackageProductDependency;
			package = CE6184D64DB6D5A5FB7810EF /* XCRemoteSwiftPackageReference "GRDB.swift" */;
			productName = GRDB;
		};
		3DA1B721167DDD7A6A3C800A /* xxHash-Swift */ = {
			isa = XCSwiftPackageProductDependency;
			package = E2DA16D06A895A8372103EF1 /* XCRemoteSwiftPackageReference "xxHash-Swift" */;
			productName = "xxHash-Swift";
		};
		B20000000000000000000002 /* Sparkle */ = {
			isa = XCSwiftPackageProductDependency;
			package = B20000000000000000000001 /* XCRemoteSwiftPackageReference "Sparkle" */;
			productName = Sparkle;
		};
/* End XCSwiftPackageProductDependency section */
	};
	rootObject = 436D8B338F74ED6D89683145 /* Project object */;
}
